{
  "name": "solarday2lunarday",
  "version": "1.10.1",
  "lockfileVersion": 1,
  "requires": true,
  "dependencies": {
    "dayjs": {
      "version": "1.9.3",
      "resolved": "http://registry.corp.bianlifeng.com/dayjs/download/dayjs-1.9.3.tgz",
      "integrity": "sha1-t/lLIq0qE2pMoCoBq2iuiT/homg="
    }
  }
}
